
Microsoft Visual Studio Solution File, Format Version 12.00
# Visual Studio Version 17
VisualStudioVersion = 17.7.34221.43
MinimumVisualStudioVersion = 10.0.40219.1
Project("{9A19103F-16F7-4668-BE54-9A1E7A4F7556}") = "HealthHubPro", "HealthHubPro\HealthHubPro.csproj", "{AFC8BF68-C21A-4EC8-9933-3A23536081EC}"
EndProject
Project("{9A19103F-16F7-4668-BE54-9A1E7A4F7556}") = "DataAccess", "DataAccess\DataAccess.csproj", "{D88258E1-88D7-4406-BE86-159E15A26929}"
EndProject
Project("{9A19103F-16F7-4668-BE54-9A1E7A4F7556}") = "Tests", "Tests\Tests.csproj", "{7BE4784A-952C-457A-9B25-7BE5D668F223}"
EndProject
Project("{FAE04EC0-301F-11D3-BF4B-00C04F79EFBC}") = "Services", "Services\Services.csproj", "{0D03793C-F99F-4A7D-A3DA-52EBECF25BCE}"
EndProject
Global
	GlobalSection(SolutionConfigurationPlatforms) = preSolution
		Debug|Any CPU = Debug|Any CPU
		Release|Any CPU = Release|Any CPU
	EndGlobalSection
	GlobalSection(ProjectConfigurationPlatforms) = postSolution
		{AFC8BF68-C21A-4EC8-9933-3A23536081EC}.Debug|Any CPU.ActiveCfg = Debug|Any CPU
		{AFC8BF68-C21A-4EC8-9933-3A23536081EC}.Debug|Any CPU.Build.0 = Debug|Any CPU
		{AFC8BF68-C21A-4EC8-9933-3A23536081EC}.Release|Any CPU.ActiveCfg = Release|Any CPU
		{AFC8BF68-C21A-4EC8-9933-3A23536081EC}.Release|Any CPU.Build.0 = Release|Any CPU
		{D88258E1-88D7-4406-BE86-159E15A26929}.Debug|Any CPU.ActiveCfg = Debug|Any CPU
		{D88258E1-88D7-4406-BE86-159E15A26929}.Debug|Any CPU.Build.0 = Debug|Any CPU
		{D88258E1-88D7-4406-BE86-159E15A26929}.Release|Any CPU.ActiveCfg = Release|Any CPU
		{D88258E1-88D7-4406-BE86-159E15A26929}.Release|Any CPU.Build.0 = Release|Any CPU
		{7BE4784A-952C-457A-9B25-7BE5D668F223}.Debug|Any CPU.ActiveCfg = Debug|Any CPU
		{7BE4784A-952C-457A-9B25-7BE5D668F223}.Debug|Any CPU.Build.0 = Debug|Any CPU
		{7BE4784A-952C-457A-9B25-7BE5D668F223}.Release|Any CPU.ActiveCfg = Release|Any CPU
		{7BE4784A-952C-457A-9B25-7BE5D668F223}.Release|Any CPU.Build.0 = Release|Any CPU
		{0D03793C-F99F-4A7D-A3DA-52EBECF25BCE}.Debug|Any CPU.ActiveCfg = Debug|Any CPU
		{0D03793C-F99F-4A7D-A3DA-52EBECF25BCE}.Debug|Any CPU.Build.0 = Debug|Any CPU
		{0D03793C-F99F-4A7D-A3DA-52EBECF25BCE}.Release|Any CPU.ActiveCfg = Release|Any CPU
		{0D03793C-F99F-4A7D-A3DA-52EBECF25BCE}.Release|Any CPU.Build.0 = Release|Any CPU
	EndGlobalSection
	GlobalSection(SolutionProperties) = preSolution
		HideSolutionNode = FALSE
	EndGlobalSection
	GlobalSection(ExtensibilityGlobals) = postSolution
		SolutionGuid = {A2E7FA58-CCB0-4B4C-9707-99FA748DC6F6}
	EndGlobalSection
EndGlobal
